
Microsoft Visual Studio Solution File, Format Version 12.00
# Visual Studio 15
VisualStudioVersion = 15.0.28010.2046
MinimumVisualStudioVersion = 10.0.40219.1
Project("{FAE04EC0-301F-11D3-BF4B-00C04F79EFBC}") = "m3u", "m3u\m3u.csproj", "{F73A134C-CD12-4CE8-B01B-C4E0C62D1B41}"
EndProject
Global
	GlobalSection(SolutionConfigurationPlatforms) = preSolution
		Debug|Any CPU = Debug|Any CPU
		Release|Any CPU = Release|Any CPU
	EndGlobalSection
	GlobalSection(ProjectConfigurationPlatforms) = postSolution
		{F73A134C-CD12-4CE8-B01B-C4E0C62D1B41}.Debug|Any CPU.ActiveCfg = Debug|Any CPU
		{F73A134C-CD12-4CE8-B01B-C4E0C62D1B41}.Debug|Any CPU.Build.0 = Debug|Any CPU
		{F73A134C-CD12-4CE8-B01B-C4E0C62D1B41}.Release|Any CPU.ActiveCfg = Release|Any CPU
		{F73A134C-CD12-4CE8-B01B-C4E0C62D1B41}.Release|Any CPU.Build.0 = Release|Any CPU
	EndGlobalSection
	GlobalSection(SolutionProperties) = preSolution
		HideSolutionNode = FALSE
	EndGlobalSection
	GlobalSection(ExtensibilityGlobals) = postSolution
		SolutionGuid = {6B235B61-D19E-497F-A739-7F3D4629F3FD}
	EndGlobalSection
EndGlobal
